
Microsoft Visual Studio Solution File, Format Version 12.00
# Visual Studio Version 17
VisualStudioVersion = 17.7.34202.233
MinimumVisualStudioVersion = 10.0.40219.1
Project("{2150E333-8FDC-42A3-9474-1A3956D46DE8}") = "src", "src", "{7B75E701-1844-4EAC-8118-CE9E4A0F7D10}"
EndProject
Project("{2150E333-8FDC-42A3-9474-1A3956D46DE8}") = "tests", "tests", "{CAEF6BFA-35E6-48D9-B562-3D0F8ED1E90D}"
EndProject
Project("{2150E333-8FDC-42A3-9474-1A3956D46DE8}") = "Application", "Application", "{73FDBF9C-E6C4-40CB-B928-0B4BC9760ADB}"
EndProject
Project("{2150E333-8FDC-42A3-9474-1A3956D46DE8}") = "Infrastructure", "Infrastructure", "{A9B1D260-3675-4BAD-8C30-F4CB998246E8}"
EndProject
Project("{2150E333-8FDC-42A3-9474-1A3956D46DE8}") = "Domain", "Domain", "{49078537-0141-4BF0-B654-1E4AE86A23B5}"
EndProject
Project("{2150E333-8FDC-42A3-9474-1A3956D46DE8}") = "Application", "Application", "{F53B4DB2-B167-4BF6-AB05-19E94F8DBAE8}"
EndProject
Project("{2150E333-8FDC-42A3-9474-1A3956D46DE8}") = "Domain", "Domain", "{EA330F12-A3CB-4124-A12E-C0AD3DD69CA6}"
EndProject
Project("{2150E333-8FDC-42A3-9474-1A3956D46DE8}") = "Infrastructure", "Infrastructure", "{4A4AAAFC-B651-4670-8512-9A6005AC8F03}"
EndProject
Project("{9A19103F-16F7-4668-BE54-9A1E7A4F7556}") = "ProjectHub.Blazor", "src\Application\ProjectHub.Blazor\ProjectHub.Blazor.csproj", "{5D432DE3-5DAD-4A37-9FAC-C35ED9A9586B}"
EndProject
Project("{9A19103F-16F7-4668-BE54-9A1E7A4F7556}") = "ProjectHub.Data", "src\Infrastructure\ProjectHub.Data\ProjectHub.Data.csproj", "{D14CD6B6-60F3-4DD5-809B-16E681817844}"
EndProject
Project("{9A19103F-16F7-4668-BE54-9A1E7A4F7556}") = "ProjectHub.Data.Abstractions", "src\Infrastructure\ProjectHub.Data.Abstractions\ProjectHub.Data.Abstractions.csproj", "{1900345B-4DFD-4546-9B80-1CA9CE7A621E}"
EndProject
Project("{9A19103F-16F7-4668-BE54-9A1E7A4F7556}") = "ProjectHub.Api", "src\Application\ProjectHub.Api\ProjectHub.Api.csproj", "{8109D61E-4D9D-4346-ACC8-04B9B576CFAD}"
EndProject
Project("{9A19103F-16F7-4668-BE54-9A1E7A4F7556}") = "ProjectHub", "src\Domain\ProjectHub\ProjectHub.csproj", "{8A428E2D-4967-40F1-81DE-1981FA77C7F8}"
EndProject
Project("{9A19103F-16F7-4668-BE54-9A1E7A4F7556}") = "ProjectHub.Abstractions", "src\Domain\ProjectHub.Abstractions\ProjectHub.Abstractions.csproj", "{7B3B217F-4541-44FD-81E9-B16D898EEC12}"
EndProject
Project("{9A19103F-16F7-4668-BE54-9A1E7A4F7556}") = "ProjectHub.Api.Tests", "tests\Application\ProjectHub.Api.Tests\ProjectHub.Api.Tests.csproj", "{C527FBCA-BAC7-4A40-9181-120AF163B78D}"
EndProject
Project("{9A19103F-16F7-4668-BE54-9A1E7A4F7556}") = "ProjectHub.Tests", "tests\Domain\ProjectHub.Tests\ProjectHub.Tests.csproj", "{AA73D29D-9BC0-4F28-BCE4-47DD1F88F1DC}"
EndProject
Project("{9A19103F-16F7-4668-BE54-9A1E7A4F7556}") = "ProjectHub.Data.Tests", "tests\Infrastructure\ProjectHub.Data.Tests\ProjectHub.Data.Tests.csproj", "{02F7C8A4-BE7C-4BFB-B322-C2B8BC7B7F1E}"
EndProject
Global
	GlobalSection(SolutionConfigurationPlatforms) = preSolution
		Debug|Any CPU = Debug|Any CPU
		Release|Any CPU = Release|Any CPU
	EndGlobalSection
	GlobalSection(ProjectConfigurationPlatforms) = postSolution
		{5D432DE3-5DAD-4A37-9FAC-C35ED9A9586B}.Debug|Any CPU.ActiveCfg = Debug|Any CPU
		{5D432DE3-5DAD-4A37-9FAC-C35ED9A9586B}.Debug|Any CPU.Build.0 = Debug|Any CPU
		{5D432DE3-5DAD-4A37-9FAC-C35ED9A9586B}.Release|Any CPU.ActiveCfg = Release|Any CPU
		{5D432DE3-5DAD-4A37-9FAC-C35ED9A9586B}.Release|Any CPU.Build.0 = Release|Any CPU
		{D14CD6B6-60F3-4DD5-809B-16E681817844}.Debug|Any CPU.ActiveCfg = Debug|Any CPU
		{D14CD6B6-60F3-4DD5-809B-16E681817844}.Debug|Any CPU.Build.0 = Debug|Any CPU
		{D14CD6B6-60F3-4DD5-809B-16E681817844}.Release|Any CPU.ActiveCfg = Release|Any CPU
		{D14CD6B6-60F3-4DD5-809B-16E681817844}.Release|Any CPU.Build.0 = Release|Any CPU
		{1900345B-4DFD-4546-9B80-1CA9CE7A621E}.Debug|Any CPU.ActiveCfg = Debug|Any CPU
		{1900345B-4DFD-4546-9B80-1CA9CE7A621E}.Debug|Any CPU.Build.0 = Debug|Any CPU
		{1900345B-4DFD-4546-9B80-1CA9CE7A621E}.Release|Any CPU.ActiveCfg = Release|Any CPU
		{1900345B-4DFD-4546-9B80-1CA9CE7A621E}.Release|Any CPU.Build.0 = Release|Any CPU
		{8109D61E-4D9D-4346-ACC8-04B9B576CFAD}.Debug|Any CPU.ActiveCfg = Debug|Any CPU
		{8109D61E-4D9D-4346-ACC8-04B9B576CFAD}.Debug|Any CPU.Build.0 = Debug|Any CPU
		{8109D61E-4D9D-4346-ACC8-04B9B576CFAD}.Release|Any CPU.ActiveCfg = Release|Any CPU
		{8109D61E-4D9D-4346-ACC8-04B9B576CFAD}.Release|Any CPU.Build.0 = Release|Any CPU
		{8A428E2D-4967-40F1-81DE-1981FA77C7F8}.Debug|Any CPU.ActiveCfg = Debug|Any CPU
		{8A428E2D-4967-40F1-81DE-1981FA77C7F8}.Debug|Any CPU.Build.0 = Debug|Any CPU
		{8A428E2D-4967-40F1-81DE-1981FA77C7F8}.Release|Any CPU.ActiveCfg = Release|Any CPU
		{8A428E2D-4967-40F1-81DE-1981FA77C7F8}.Release|Any CPU.Build.0 = Release|Any CPU
		{7B3B217F-4541-44FD-81E9-B16D898EEC12}.Debug|Any CPU.ActiveCfg = Debug|Any CPU
		{7B3B217F-4541-44FD-81E9-B16D898EEC12}.Debug|Any CPU.Build.0 = Debug|Any CPU
		{7B3B217F-4541-44FD-81E9-B16D898EEC12}.Release|Any CPU.ActiveCfg = Release|Any CPU
		{7B3B217F-4541-44FD-81E9-B16D898EEC12}.Release|Any CPU.Build.0 = Release|Any CPU
		{C527FBCA-BAC7-4A40-9181-120AF163B78D}.Debug|Any CPU.ActiveCfg = Debug|Any CPU
		{C527FBCA-BAC7-4A40-9181-120AF163B78D}.Debug|Any CPU.Build.0 = Debug|Any CPU
		{C527FBCA-BAC7-4A40-9181-120AF163B78D}.Release|Any CPU.ActiveCfg = Release|Any CPU
		{C527FBCA-BAC7-4A40-9181-120AF163B78D}.Release|Any CPU.Build.0 = Release|Any CPU
		{AA73D29D-9BC0-4F28-BCE4-47DD1F88F1DC}.Debug|Any CPU.ActiveCfg = Debug|Any CPU
		{AA73D29D-9BC0-4F28-BCE4-47DD1F88F1DC}.Debug|Any CPU.Build.0 = Debug|Any CPU
		{AA73D29D-9BC0-4F28-BCE4-47DD1F88F1DC}.Release|Any CPU.ActiveCfg = Release|Any CPU
		{AA73D29D-9BC0-4F28-BCE4-47DD1F88F1DC}.Release|Any CPU.Build.0 = Release|Any CPU
		{02F7C8A4-BE7C-4BFB-B322-C2B8BC7B7F1E}.Debug|Any CPU.ActiveCfg = Debug|Any CPU
		{02F7C8A4-BE7C-4BFB-B322-C2B8BC7B7F1E}.Debug|Any CPU.Build.0 = Debug|Any CPU
		{02F7C8A4-BE7C-4BFB-B322-C2B8BC7B7F1E}.Release|Any CPU.ActiveCfg = Release|Any CPU
		{02F7C8A4-BE7C-4BFB-B322-C2B8BC7B7F1E}.Release|Any CPU.Build.0 = Release|Any CPU
	EndGlobalSection
	GlobalSection(SolutionProperties) = preSolution
		HideSolutionNode = FALSE
	EndGlobalSection
	GlobalSection(NestedProjects) = preSolution
		{73FDBF9C-E6C4-40CB-B928-0B4BC9760ADB} = {7B75E701-1844-4EAC-8118-CE9E4A0F7D10}
		{A9B1D260-3675-4BAD-8C30-F4CB998246E8} = {7B75E701-1844-4EAC-8118-CE9E4A0F7D10}
		{49078537-0141-4BF0-B654-1E4AE86A23B5} = {7B75E701-1844-4EAC-8118-CE9E4A0F7D10}
		{F53B4DB2-B167-4BF6-AB05-19E94F8DBAE8} = {CAEF6BFA-35E6-48D9-B562-3D0F8ED1E90D}
		{EA330F12-A3CB-4124-A12E-C0AD3DD69CA6} = {CAEF6BFA-35E6-48D9-B562-3D0F8ED1E90D}
		{4A4AAAFC-B651-4670-8512-9A6005AC8F03} = {CAEF6BFA-35E6-48D9-B562-3D0F8ED1E90D}
		{5D432DE3-5DAD-4A37-9FAC-C35ED9A9586B} = {73FDBF9C-E6C4-40CB-B928-0B4BC9760ADB}
		{D14CD6B6-60F3-4DD5-809B-16E681817844} = {A9B1D260-3675-4BAD-8C30-F4CB998246E8}
		{1900345B-4DFD-4546-9B80-1CA9CE7A621E} = {A9B1D260-3675-4BAD-8C30-F4CB998246E8}
		{8109D61E-4D9D-4346-ACC8-04B9B576CFAD} = {73FDBF9C-E6C4-40CB-B928-0B4BC9760ADB}
		{8A428E2D-4967-40F1-81DE-1981FA77C7F8} = {49078537-0141-4BF0-B654-1E4AE86A23B5}
		{7B3B217F-4541-44FD-81E9-B16D898EEC12} = {49078537-0141-4BF0-B654-1E4AE86A23B5}
		{C527FBCA-BAC7-4A40-9181-120AF163B78D} = {F53B4DB2-B167-4BF6-AB05-19E94F8DBAE8}
		{AA73D29D-9BC0-4F28-BCE4-47DD1F88F1DC} = {EA330F12-A3CB-4124-A12E-C0AD3DD69CA6}
		{02F7C8A4-BE7C-4BFB-B322-C2B8BC7B7F1E} = {4A4AAAFC-B651-4670-8512-9A6005AC8F03}
	EndGlobalSection
	GlobalSection(ExtensibilityGlobals) = postSolution
		SolutionGuid = {DB1EB528-6136-403F-A5D1-0F36992E4D72}
	EndGlobalSection
EndGlobal
